
Microsoft Visual Studio Solution File, Format Version 12.00
# Visual Studio Version 17
VisualStudioVersion = 17.0.31903.59
MinimumVisualStudioVersion = 10.0.40219.1
Project("{2150E333-8FDC-42A3-9474-1A3956D46DE8}") = "src", "src", "{53448D8D-0240-4427-A977-FBE144CC93A0}"
EndProject
Project("{2150E333-8FDC-42A3-9474-1A3956D46DE8}") = "BuildingBlock", "BuildingBlock", "{316DF9C3-64EA-4089-9C95-62F0B0D12AD3}"
EndProject
Project("{FAE04EC0-301F-11D3-BF4B-00C04F79EFBC}") = "BuildingBlock.Commons", "src\BuildingBlock\BuildingBlock.Commons\BuildingBlock.Commons.csproj", "{9E0FAA97-9BAA-44AF-BB3B-4C1698CFAA50}"
EndProject
Project("{FAE04EC0-301F-11D3-BF4B-00C04F79EFBC}") = "BuildingBlock.Infraestructure", "src\BuildingBlock\BuildingBlock.Infraestructure\BuildingBlock.Infraestructure.csproj", "{8CB2E8E8-4157-4C1D-A9D0-368F247239CF}"
EndProject
Project("{2150E333-8FDC-42A3-9474-1A3956D46DE8}") = "Services", "Services", "{EA7EE5E7-92FB-4CCD-9483-771F83B9F350}"
EndProject
Project("{2150E333-8FDC-42A3-9474-1A3956D46DE8}") = "Aggregator", "Aggregator", "{C3EE26B1-BD41-448B-A34E-29A78E7D6266}"
EndProject
Project("{FAE04EC0-301F-11D3-BF4B-00C04F79EFBC}") = "Aggregator.Api", "src\Services\Aggregator\Aggregator.Api\Aggregator.Api.csproj", "{CB7C4E93-F3F1-4DD9-82CA-8D0C7B620389}"
EndProject
Project("{FAE04EC0-301F-11D3-BF4B-00C04F79EFBC}") = "Aggregator.Core", "src\Services\Aggregator\Aggregator.Core\Aggregator.Core.csproj", "{2834D7D6-89E5-4564-AF78-6369FA9AD00B}"
EndProject
Project("{2150E333-8FDC-42A3-9474-1A3956D46DE8}") = "Identity", "Identity", "{FEFE9EAE-FB96-4BB4-83DE-F94BDEFEDB58}"
EndProject
Project("{FAE04EC0-301F-11D3-BF4B-00C04F79EFBC}") = "Identity.Api", "src\Services\Identity\Identity.Api\Identity.Api.csproj", "{A89EC01B-A125-4FED-98A5-0E8221406A54}"
EndProject
Project("{FAE04EC0-301F-11D3-BF4B-00C04F79EFBC}") = "Identity.Core", "src\Services\Identity\Identity.Core\Identity.Core.csproj", "{3435F24C-CED0-4D50-B837-0E1D4BEF8241}"
EndProject
Project("{2150E333-8FDC-42A3-9474-1A3956D46DE8}") = "JukeBox", "JukeBox", "{E68D9C71-F9F7-47BA-9527-A3DDE226FFD3}"
EndProject
Project("{FAE04EC0-301F-11D3-BF4B-00C04F79EFBC}") = "JukeBox.Api", "src\Services\JukeBox\JukeBox.Api\JukeBox.Api.csproj", "{530E3D5E-7081-487B-82F8-0BEB12D8E4EF}"
EndProject
Project("{FAE04EC0-301F-11D3-BF4B-00C04F79EFBC}") = "JukeBox.Core", "src\Services\JukeBox\JukeBox.Core\JukeBox.Core.csproj", "{3E437721-F0FB-4C5A-90F8-ECA8A281B717}"
EndProject
Project("{E53339B2-1760-4266-BCC7-CA923CBCF16C}") = "docker-compose", "docker-compose.dcproj", "{2B750731-D7ED-456B-B8E7-3ACA64914DCA}"
EndProject
Project("{2150E333-8FDC-42A3-9474-1A3956D46DE8}") = "Solution Items", "Solution Items", "{026FF755-254E-401B-959C-C98ADE76FF86}"
	ProjectSection(SolutionItems) = preProject
		.env = .env
	EndProjectSection
EndProject
Global
	GlobalSection(SolutionConfigurationPlatforms) = preSolution
		Debug|Any CPU = Debug|Any CPU
		Release|Any CPU = Release|Any CPU
	EndGlobalSection
	GlobalSection(SolutionProperties) = preSolution
		HideSolutionNode = FALSE
	EndGlobalSection
	GlobalSection(ProjectConfigurationPlatforms) = postSolution
		{9E0FAA97-9BAA-44AF-BB3B-4C1698CFAA50}.Debug|Any CPU.ActiveCfg = Debug|Any CPU
		{9E0FAA97-9BAA-44AF-BB3B-4C1698CFAA50}.Debug|Any CPU.Build.0 = Debug|Any CPU
		{9E0FAA97-9BAA-44AF-BB3B-4C1698CFAA50}.Release|Any CPU.ActiveCfg = Release|Any CPU
		{9E0FAA97-9BAA-44AF-BB3B-4C1698CFAA50}.Release|Any CPU.Build.0 = Release|Any CPU
		{8CB2E8E8-4157-4C1D-A9D0-368F247239CF}.Debug|Any CPU.ActiveCfg = Debug|Any CPU
		{8CB2E8E8-4157-4C1D-A9D0-368F247239CF}.Debug|Any CPU.Build.0 = Debug|Any CPU
		{8CB2E8E8-4157-4C1D-A9D0-368F247239CF}.Release|Any CPU.ActiveCfg = Release|Any CPU
		{8CB2E8E8-4157-4C1D-A9D0-368F247239CF}.Release|Any CPU.Build.0 = Release|Any CPU
		{CB7C4E93-F3F1-4DD9-82CA-8D0C7B620389}.Debug|Any CPU.ActiveCfg = Debug|Any CPU
		{CB7C4E93-F3F1-4DD9-82CA-8D0C7B620389}.Debug|Any CPU.Build.0 = Debug|Any CPU
		{CB7C4E93-F3F1-4DD9-82CA-8D0C7B620389}.Release|Any CPU.ActiveCfg = Release|Any CPU
		{CB7C4E93-F3F1-4DD9-82CA-8D0C7B620389}.Release|Any CPU.Build.0 = Release|Any CPU
		{2834D7D6-89E5-4564-AF78-6369FA9AD00B}.Debug|Any CPU.ActiveCfg = Debug|Any CPU
		{2834D7D6-89E5-4564-AF78-6369FA9AD00B}.Debug|Any CPU.Build.0 = Debug|Any CPU
		{2834D7D6-89E5-4564-AF78-6369FA9AD00B}.Release|Any CPU.ActiveCfg = Release|Any CPU
		{2834D7D6-89E5-4564-AF78-6369FA9AD00B}.Release|Any CPU.Build.0 = Release|Any CPU
		{A89EC01B-A125-4FED-98A5-0E8221406A54}.Debug|Any CPU.ActiveCfg = Debug|Any CPU
		{A89EC01B-A125-4FED-98A5-0E8221406A54}.Debug|Any CPU.Build.0 = Debug|Any CPU
		{A89EC01B-A125-4FED-98A5-0E8221406A54}.Release|Any CPU.ActiveCfg = Release|Any CPU
		{A89EC01B-A125-4FED-98A5-0E8221406A54}.Release|Any CPU.Build.0 = Release|Any CPU
		{3435F24C-CED0-4D50-B837-0E1D4BEF8241}.Debug|Any CPU.ActiveCfg = Debug|Any CPU
		{3435F24C-CED0-4D50-B837-0E1D4BEF8241}.Debug|Any CPU.Build.0 = Debug|Any CPU
		{3435F24C-CED0-4D50-B837-0E1D4BEF8241}.Release|Any CPU.ActiveCfg = Release|Any CPU
		{3435F24C-CED0-4D50-B837-0E1D4BEF8241}.Release|Any CPU.Build.0 = Release|Any CPU
		{530E3D5E-7081-487B-82F8-0BEB12D8E4EF}.Debug|Any CPU.ActiveCfg = Debug|Any CPU
		{530E3D5E-7081-487B-82F8-0BEB12D8E4EF}.Debug|Any CPU.Build.0 = Debug|Any CPU
		{530E3D5E-7081-487B-82F8-0BEB12D8E4EF}.Release|Any CPU.ActiveCfg = Release|Any CPU
		{530E3D5E-7081-487B-82F8-0BEB12D8E4EF}.Release|Any CPU.Build.0 = Release|Any CPU
		{3E437721-F0FB-4C5A-90F8-ECA8A281B717}.Debug|Any CPU.ActiveCfg = Debug|Any CPU
		{3E437721-F0FB-4C5A-90F8-ECA8A281B717}.Debug|Any CPU.Build.0 = Debug|Any CPU
		{3E437721-F0FB-4C5A-90F8-ECA8A281B717}.Release|Any CPU.ActiveCfg = Release|Any CPU
		{3E437721-F0FB-4C5A-90F8-ECA8A281B717}.Release|Any CPU.Build.0 = Release|Any CPU
		{2B750731-D7ED-456B-B8E7-3ACA64914DCA}.Debug|Any CPU.ActiveCfg = Debug|Any CPU
		{2B750731-D7ED-456B-B8E7-3ACA64914DCA}.Debug|Any CPU.Build.0 = Debug|Any CPU
		{2B750731-D7ED-456B-B8E7-3ACA64914DCA}.Release|Any CPU.ActiveCfg = Release|Any CPU
		{2B750731-D7ED-456B-B8E7-3ACA64914DCA}.Release|Any CPU.Build.0 = Release|Any CPU
	EndGlobalSection
	GlobalSection(NestedProjects) = preSolution
		{316DF9C3-64EA-4089-9C95-62F0B0D12AD3} = {53448D8D-0240-4427-A977-FBE144CC93A0}
		{9E0FAA97-9BAA-44AF-BB3B-4C1698CFAA50} = {316DF9C3-64EA-4089-9C95-62F0B0D12AD3}
		{8CB2E8E8-4157-4C1D-A9D0-368F247239CF} = {316DF9C3-64EA-4089-9C95-62F0B0D12AD3}
		{EA7EE5E7-92FB-4CCD-9483-771F83B9F350} = {53448D8D-0240-4427-A977-FBE144CC93A0}
		{C3EE26B1-BD41-448B-A34E-29A78E7D6266} = {EA7EE5E7-92FB-4CCD-9483-771F83B9F350}
		{CB7C4E93-F3F1-4DD9-82CA-8D0C7B620389} = {C3EE26B1-BD41-448B-A34E-29A78E7D6266}
		{2834D7D6-89E5-4564-AF78-6369FA9AD00B} = {C3EE26B1-BD41-448B-A34E-29A78E7D6266}
		{FEFE9EAE-FB96-4BB4-83DE-F94BDEFEDB58} = {EA7EE5E7-92FB-4CCD-9483-771F83B9F350}
		{A89EC01B-A125-4FED-98A5-0E8221406A54} = {FEFE9EAE-FB96-4BB4-83DE-F94BDEFEDB58}
		{3435F24C-CED0-4D50-B837-0E1D4BEF8241} = {FEFE9EAE-FB96-4BB4-83DE-F94BDEFEDB58}
		{E68D9C71-F9F7-47BA-9527-A3DDE226FFD3} = {EA7EE5E7-92FB-4CCD-9483-771F83B9F350}
		{530E3D5E-7081-487B-82F8-0BEB12D8E4EF} = {E68D9C71-F9F7-47BA-9527-A3DDE226FFD3}
		{3E437721-F0FB-4C5A-90F8-ECA8A281B717} = {E68D9C71-F9F7-47BA-9527-A3DDE226FFD3}
	EndGlobalSection
EndGlobal
